// !$*UTF8*$!
{
	archiveVersion = 1;
	classes = {
	};
	objectVersion = 55;
	objects = {

/* Begin PBXBuildFile section */
		958DB197288B91F600A8A9D1 /* AppDelegate.swift in Sources */ = {isa = PBXBuildFile; fileRef = 958DB196288B91F600A8A9D1 /* AppDelegate.swift */; };
		958DB199288B91F600A8A9D1 /* SceneDelegate.swift in Sources */ = {isa = PBXBuildFile; fileRef = 958DB198288B91F600A8A9D1 /* SceneDelegate.swift */; };
		958DB19E288B91F600A8A9D1 /* Main.storyboard in Resources */ = {isa = PBXBuildFile; fileRef = 958DB19C288B91F600A8A9D1 /* Main.storyboard */; };
		958DB1A0288B91F700A8A9D1 /* Assets.xcassets in Resources */ = {isa = PBXBuildFile; fileRef = 958DB19F288B91F700A8A9D1 /* Assets.xcassets */; };
		958DB1A3288B91F700A8A9D1 /* LaunchScreen.storyboard in Resources */ = {isa = PBXBuildFile; fileRef = 958DB1A1288B91F700A8A9D1 /* LaunchScreen.storyboard */; };
		958DB1AB288B92FC00A8A9D1 /* GoogleService-Info.plist in Resources */ = {isa = PBXBuildFile; fileRef = 958DB1AA288B92FC00A8A9D1 /* GoogleService-Info.plist */; };
		958DB1B0288B940900A8A9D1 /* LoginViewController.swift in Sources */ = {isa = PBXBuildFile; fileRef = 958DB1AF288B940900A8A9D1 /* LoginViewController.swift */; };
		B0EB6DE1A42964FD707C1C32 /* Pods_InstaApp.framework in Frameworks */ = {isa = PBXBuildFile; fileRef = D24DE6D5111422B3C61545F9 /* Pods_InstaApp.framework */; };
/* End PBXBuildFile section */

/* Begin PBXFileReference section */
		3AFB707C24FDB3474DCD3525 /* Pods-InstaApp.debug.xcconfig */ = {isa = PBXFileReference; includeInIndex = 1; lastKnownFileType = text.xcconfig; name = "Pods-InstaApp.debug.xcconfig"; path = "Target Support Files/Pods-InstaApp/Pods-InstaApp.debug.xcconfig"; sourceTree = "<group>"; };
		958DB193288B91F600A8A9D1 /* InstaApp.app */ = {isa = PBXFileReference; explicitFileType = wrapper.application; includeInIndex = 0; path = InstaApp.app; sourceTree = BUILT_PRODUCTS_DIR; };
		958DB196288B91F600A8A9D1 /* AppDelegate.swift */ = {isa = PBXFileReference; lastKnownFileType = sourcecode.swift; path = AppDelegate.swift; sourceTree = "<group>"; };
		958DB198288B91F600A8A9D1 /* SceneDelegate.swift */ = {isa = PBXFileReference; lastKnownFileType = sourcecode.swift; path = SceneDelegate.swift; sourceTree = "<group>"; };
		958DB19D288B91F600A8A9D1 /* Base */ = {isa = PBXFileReference; lastKnownFileType = file.storyboard; name = Base; path = Base.lproj/Main.storyboard; sourceTree = "<group>"; };
		958DB19F288B91F700A8A9D1 /* Assets.xcassets */ = {isa = PBXFileReference; lastKnownFileType = folder.assetcatalog; path = Assets.xcassets; sourceTree = "<group>"; };
		958DB1A2288B91F700A8A9D1 /* Base */ = {isa = PBXFileReference; lastKnownFileType = file.storyboard; name = Base; path = Base.lproj/LaunchScreen.storyboard; sourceTree = "<group>"; };
		958DB1A4288B91F700A8A9D1 /* Info.plist */ = {isa = PBXFileReference; lastKnownFileType = text.plist.xml; path = Info.plist; sourceTree = "<group>"; };
		958DB1AA288B92FC00A8A9D1 /* GoogleService-Info.plist */ = {isa = PBXFileReference; fileEncoding = 4; lastKnownFileType = text.plist.xml; path = "GoogleService-Info.plist"; sourceTree = "<group>"; };
		958DB1AF288B940900A8A9D1 /* LoginViewController.swift */ = {isa = PBXFileReference; lastKnownFileType = sourcecode.swift; path = LoginViewController.swift; sourceTree = "<group>"; };
		D24DE6D5111422B3C61545F9 /* Pods_InstaApp.framework */ = {isa = PBXFileReference; explicitFileType = wrapper.framework; includeInIndex = 0; path = Pods_InstaApp.framework; sourceTree = BUILT_PRODUCTS_DIR; };
		EC39606060F8083E355F6B4F /* Pods-InstaApp.release.xcconfig */ = {isa = PBXFileReference; includeInIndex = 1; lastKnownFileType = text.xcconfig; name = "Pods-InstaApp.release.xcconfig"; path = "Target Support Files/Pods-InstaApp/Pods-InstaApp.release.xcconfig"; sourceTree = "<group>"; };
/* End PBXFileReference section */

/* Begin PBXFrameworksBuildPhase section */
		958DB190288B91F600A8A9D1 /* Frameworks */ = {
			isa = PBXFrameworksBuildPhase;
			buildActionMask = 2147483647;
			files = (
				B0EB6DE1A42964FD707C1C32 /* Pods_InstaApp.framework in Frameworks */,
			);
			runOnlyForDeploymentPostprocessing = 0;
		};
/* End PBXFrameworksBuildPhase section */

/* Begin PBXGroup section */
		958DB18A288B91F600A8A9D1 = {
			isa = PBXGroup;
			children = (
				958DB195288B91F600A8A9D1 /* InstaApp */,
				958DB194288B91F600A8A9D1 /* Products */,
				EC373B15EA29887AAC7946C7 /* Pods */,
				ED2041A60F3424E5C54FAF1A /* Frameworks */,
			);
			sourceTree = "<group>";
		};
		958DB194288B91F600A8A9D1 /* Products */ = {
			isa = PBXGroup;
			children = (
				958DB193288B91F600A8A9D1 /* InstaApp.app */,
			);
			name = Products;
			sourceTree = "<group>";
		};
		958DB195288B91F600A8A9D1 /* InstaApp */ = {
			isa = PBXGroup;
			children = (
				958DB1AE288B93CE00A8A9D1 /* Model */,
				958DB1AD288B93C500A8A9D1 /* View */,
				958DB1AC288B93B900A8A9D1 /* Controller */,
				958DB19C288B91F600A8A9D1 /* Main.storyboard */,
				958DB19F288B91F700A8A9D1 /* Assets.xcassets */,
				958DB1A1288B91F700A8A9D1 /* LaunchScreen.storyboard */,
				958DB1A4288B91F700A8A9D1 /* Info.plist */,
				958DB1AA288B92FC00A8A9D1 /* GoogleService-Info.plist */,
			);
			path = InstaApp;
			sourceTree = "<group>";
		};
		958DB1AC288B93B900A8A9D1 /* Controller */ = {
			isa = PBXGroup;
			children = (
				958DB1AF288B940900A8A9D1 /* LoginViewController.swift */,
				958DB196288B91F600A8A9D1 /* AppDelegate.swift */,
				958DB198288B91F600A8A9D1 /* SceneDelegate.swift */,
			);
			path = Controller;
			sourceTree = "<group>";
		};
		958DB1AD288B93C500A8A9D1 /* View */ = {
			isa = PBXGroup;
			children = (
			);
			path = View;
			sourceTree = "<group>";
		};
		958DB1AE288B93CE00A8A9D1 /* Model */ = {
			isa = PBXGroup;
			children = (
			);
			path = Model;
			sourceTree = "<group>";
		};
		EC373B15EA29887AAC7946C7 /* Pods */ = {
			isa = PBXGroup;
			children = (
				3AFB707C24FDB3474DCD3525 /* Pods-InstaApp.debug.xcconfig */,
				EC39606060F8083E355F6B4F /* Pods-InstaApp.release.xcconfig */,
			);
			path = Pods;
			sourceTree = "<group>";
		};
		ED2041A60F3424E5C54FAF1A /* Frameworks */ = {
			isa = PBXGroup;
			children = (
				D24DE6D5111422B3C61545F9 /* Pods_InstaApp.framework */,
			);
			name = Frameworks;
			sourceTree = "<group>";
		};
/* End PBXGroup section */

/* Begin PBXNativeTarget section */
		958DB192288B91F600A8A9D1 /* InstaApp */ = {
			isa = PBXNativeTarget;
			buildConfigurationList = 958DB1A7288B91F700A8A9D1 /* Build configuration list for PBXNativeTarget "InstaApp" */;
			buildPhases = (
				AC8407A716EB53ABE28037CC /* [CP] Check Pods Manifest.lock */,
				958DB18F288B91F600A8A9D1 /* Sources */,
				958DB190288B91F600A8A9D1 /* Frameworks */,
				958DB191288B91F600A8A9D1 /* Resources */,
				4D70ABFF32CFA75F5A7B5303 /* [CP] Embed Pods Frameworks */,
			);
			buildRules = (
			);
			dependencies = (
			);
			name = InstaApp;
			productName = InstaApp;
			productReference = 958DB193288B91F600A8A9D1 /* InstaApp.app */;
			productType = "com.apple.product-type.application";
		};
/* End PBXNativeTarget section */

/* Begin PBXProject section */
		958DB18B288B91F600A8A9D1 /* Project object */ = {
			isa = PBXProject;
			attributes = {
				BuildIndependentTargetsInParallel = 1;
				LastSwiftUpdateCheck = 1340;
				LastUpgradeCheck = 1340;
				TargetAttributes = {
					958DB192288B91F600A8A9D1 = {
						CreatedOnToolsVersion = 13.4.1;
					};
				};
			};
			buildConfigurationList = 958DB18E288B91F600A8A9D1 /* Build configuration list for PBXProject "InstaApp" */;
			compatibilityVersion = "Xcode 13.0";
			developmentRegion = en;
			hasScannedForEncodings = 0;
			knownRegions = (
				en,
				Base,
			);
			mainGroup = 958DB18A288B91F600A8A9D1;
			productRefGroup = 958DB194288B91F600A8A9D1 /* Products */;
			projectDirPath = "";
			projectRoot = "";
			targets = (
				958DB192288B91F600A8A9D1 /* InstaApp */,
			);
		};
/* End PBXProject section */

/* Begin PBXResourcesBuildPhase section */
		958DB191288B91F600A8A9D1 /* Resources */ = {
			isa = PBXResourcesBuildPhase;
			buildActionMask = 2147483647;
			files = (
				958DB1A3288B91F700A8A9D1 /* LaunchScreen.storyboard in Resources */,
				958DB1A0288B91F700A8A9D1 /* Assets.xcassets in Resources */,
				958DB19E288B91F600A8A9D1 /* Main.storyboard in Resources */,
				958DB1AB288B92FC00A8A9D1 /* GoogleService-Info.plist in Resources */,
			);
			runOnlyForDeploymentPostprocessing = 0;
		};
/* End PBXResourcesBuildPhase section */

/* Begin PBXShellScriptBuildPhase section */
		4D70ABFF32CFA75F5A7B5303 /* [CP] Embed Pods Frameworks */ = {
			isa = PBXShellScriptBuildPhase;
			buildActionMask = 2147483647;
			files = (
			);
			inputFileListPaths = (
				"${PODS_ROOT}/Target Support Files/Pods-InstaApp/Pods-InstaApp-frameworks-${CONFIGURATION}-input-files.xcfilelist",
			);
			name = "[CP] Embed Pods Frameworks";
			outputFileListPaths = (
				"${PODS_ROOT}/Target Support Files/Pods-InstaApp/Pods-InstaApp-frameworks-${CONFIGURATION}-output-files.xcfilelist",
			);
			runOnlyForDeploymentPostprocessing = 0;
			shellPath = /bin/sh;
			shellScript = "\"${PODS_ROOT}/Target Support Files/Pods-InstaApp/Pods-InstaApp-frameworks.sh\"\n";
			showEnvVarsInLog = 0;
		};
		AC8407A716EB53ABE28037CC /* [CP] Check Pods Manifest.lock */ = {
			isa = PBXShellScriptBuildPhase;
			buildActionMask = 2147483647;
			files = (
			);
			inputFileListPaths = (
			);
			inputPaths = (
				"${PODS_PODFILE_DIR_PATH}/Podfile.lock",
				"${PODS_ROOT}/Manifest.lock",
			);
			name = "[CP] Check Pods Manifest.lock";
			outputFileListPaths = (
			);
			outputPaths = (
				"$(DERIVED_FILE_DIR)/Pods-InstaApp-checkManifestLockResult.txt",
			);
			runOnlyForDeploymentPostprocessing = 0;
			shellPath = /bin/sh;
			shellScript = "diff \"${PODS_PODFILE_DIR_PATH}/Podfile.lock\" \"${PODS_ROOT}/Manifest.lock\" > /dev/null\nif [ $? != 0 ] ; then\n    # print error to STDERR\n    echo \"error: The sandbox is not in sync with the Podfile.lock. Run 'pod install' or update your CocoaPods installation.\" >&2\n    exit 1\nfi\n# This output is used by Xcode 'outputs' to avoid re-running this script phase.\necho \"SUCCESS\" > \"${SCRIPT_OUTPUT_FILE_0}\"\n";
			showEnvVarsInLog = 0;
		};
/* End PBXShellScriptBuildPhase section */

/* Begin PBXSourcesBuildPhase section */
		958DB18F288B91F600A8A9D1 /* Sources */ = {
			isa = PBXSourcesBuildPhase;
			buildActionMask = 2147483647;
			files = (
				958DB1B0288B940900A8A9D1 /* LoginViewController.swift in Sources */,
				958DB197288B91F600A8A9D1 /* AppDelegate.swift in Sources */,
				958DB199288B91F600A8A9D1 /* SceneDelegate.swift in Sources */,
			);
			runOnlyForDeploymentPostprocessing = 0;
		};
/* End PBXSourcesBuildPhase section */

/* Begin PBXVariantGroup section */
		958DB19C288B91F600A8A9D1 /* Main.storyboard */ = {
			isa = PBXVariantGroup;
			children = (
				958DB19D288B91F600A8A9D1 /* Base */,
			);
			name = Main.storyboard;
			sourceTree = "<group>";
		};
		958DB1A1288B91F700A8A9D1 /* LaunchScreen.storyboard */ = {
			isa = PBXVariantGroup;
			children = (
				958DB1A2288B91F700A8A9D1 /* Base */,
			);
			name = LaunchScreen.storyboard;
			sourceTree = "<group>";
		};
/* End PBXVariantGroup section */

/* Begin XCBuildConfiguration section */
		958DB1A5288B91F700A8A9D1 /* Debug */ = {
			isa = XCBuildConfiguration;
			buildSettings = {
				ALWAYS_SEARCH_USER_PATHS = NO;
				CLANG_ANALYZER_NONNULL = YES;
				CLANG_ANALYZER_NUMBER_OBJECT_CONVERSION = YES_AGGRESSIVE;
				CLANG_CXX_LANGUAGE_STANDARD = "gnu++17";
				CLANG_ENABLE_MODULES = YES;
				CLANG_ENABLE_OBJC_ARC = YES;
				CLANG_ENABLE_OBJC_WEAK = YES;
				CLANG_WARN_BLOCK_CAPTURE_AUTORELEASING = YES;
				CLANG_WARN_BOOL_CONVERSION = YES;
				CLANG_WARN_COMMA = YES;
				CLANG_WARN_CONSTANT_CONVERSION = YES;
				CLANG_WARN_DEPRECATED_OBJC_IMPLEMENTATIONS = YES;
				CLANG_WARN_DIRECT_OBJC_ISA_USAGE = YES_ERROR;
				CLANG_WARN_DOCUMENTATION_COMMENTS = YES;
				CLANG_WARN_EMPTY_BODY = YES;
				CLANG_WARN_ENUM_CONVERSION = YES;
				CLANG_WARN_INFINITE_RECURSION = YES;
				CLANG_WARN_INT_CONVERSION = YES;
				CLANG_WARN_NON_LITERAL_NULL_CONVERSION = YES;
				CLANG_WARN_OBJC_IMPLICIT_RETAIN_SELF = YES;
				CLANG_WARN_OBJC_LITERAL_CONVERSION = YES;
				CLANG_WARN_OBJC_ROOT_CLASS = YES_ERROR;
				CLANG_WARN_QUOTED_INCLUDE_IN_FRAMEWORK_HEADER = YES;
				CLANG_WARN_RANGE_LOOP_ANALYSIS = YES;
				CLANG_WARN_STRICT_PROTOTYPES = YES;
				CLANG_WARN_SUSPICIOUS_MOVE = YES;
				CLANG_WARN_UNGUARDED_AVAILABILITY = YES_AGGRESSIVE;
				CLANG_WARN_UNREACHABLE_CODE = YES;
				CLANG_WARN__DUPLICATE_METHOD_MATCH = YES;
				COPY_PHASE_STRIP = NO;
				DEBUG_INFORMATION_FORMAT = dwarf;
				ENABLE_STRICT_OBJC_MSGSEND = YES;
				ENABLE_TESTABILITY = YES;
				GCC_C_LANGUAGE_STANDARD = gnu11;
				GCC_DYNAMIC_NO_PIC = NO;
				GCC_NO_COMMON_BLOCKS = YES;
				GCC_OPTIMIZATION_LEVEL = 0;
				GCC_PREPROCESSOR_DEFINITIONS = (
					"DEBUG=1",
					"$(inherited)",
				);
				GCC_WARN_64_TO_32_BIT_CONVERSION = YES;
				GCC_WARN_ABOUT_RETURN_TYPE = YES_ERROR;
				GCC_WARN_UNDECLARED_SELECTOR = YES;
				GCC_WARN_UNINITIALIZED_AUTOS = YES_AGGRESSIVE;
				GCC_WARN_UNUSED_FUNCTION = YES;
				GCC_WARN_UNUSED_VARIABLE = YES;
				IPHONEOS_DEPLOYMENT_TARGET = 15.5;
				MTL_ENABLE_DEBUG_INFO = INCLUDE_SOURCE;
				MTL_FAST_MATH = YES;
				ONLY_ACTIVE_ARCH = YES;
				SDKROOT = iphoneos;
				SWIFT_ACTIVE_COMPILATION_CONDITIONS = DEBUG;
				SWIFT_OPTIMIZATION_LEVEL = "-Onone";
			};
			name = Debug;
		};
		958DB1A6288B91F700A8A9D1 /* Release */ = {
			isa = XCBuildConfiguration;
			buildSettings = {
				ALWAYS_SEARCH_USER_PATHS = NO;
				CLANG_ANALYZER_NONNULL = YES;
				CLANG_ANALYZER_NUMBER_OBJECT_CONVERSION = YES_AGGRESSIVE;
				CLANG_CXX_LANGUAGE_STANDARD = "gnu++17";
				CLANG_ENABLE_MODULES = YES;
				CLANG_ENABLE_OBJC_ARC = YES;
				CLANG_ENABLE_OBJC_WEAK = YES;
				CLANG_WARN_BLOCK_CAPTURE_AUTORELEASING = YES;
				CLANG_WARN_BOOL_CONVERSION = YES;
				CLANG_WARN_COMMA = YES;
				CLANG_WARN_CONSTANT_CONVERSION = YES;
				CLANG_WARN_DEPRECATED_OBJC_IMPLEMENTATIONS = YES;
				CLANG_WARN_DIRECT_OBJC_ISA_USAGE = YES_ERROR;
				CLANG_WARN_DOCUMENTATION_COMMENTS = YES;
				CLANG_WARN_EMPTY_BODY = YES;
				CLANG_WARN_ENUM_CONVERSION = YES;
				CLANG_WARN_INFINITE_RECURSION = YES;
				CLANG_WARN_INT_CONVERSION = YES;
				CLANG_WARN_NON_LITERAL_NULL_CONVERSION = YES;
				CLANG_WARN_OBJC_IMPLICIT_RETAIN_SELF = YES;
				CLANG_WARN_OBJC_LITERAL_CONVERSION = YES;
				CLANG_WARN_OBJC_ROOT_CLASS = YES_ERROR;
				CLANG_WARN_QUOTED_INCLUDE_IN_FRAMEWORK_HEADER = YES;
				CLANG_WARN_RANGE_LOOP_ANALYSIS = YES;
				CLANG_WARN_STRICT_PROTOTYPES = YES;
				CLANG_WARN_SUSPICIOUS_MOVE = YES;
				CLANG_WARN_UNGUARDED_AVAILABILITY = YES_AGGRESSIVE;
				CLANG_WARN_UNREACHABLE_CODE = YES;
				CLANG_WARN__DUPLICATE_METHOD_MATCH = YES;
				COPY_PHASE_STRIP = NO;
				DEBUG_INFORMATION_FORMAT = "dwarf-with-dsym";
				ENABLE_NS_ASSERTIONS = NO;
				ENABLE_STRICT_OBJC_MSGSEND = YES;
				GCC_C_LANGUAGE_STANDARD = gnu11;
				GCC_NO_COMMON_BLOCKS = YES;
				GCC_WARN_64_TO_32_BIT_CONVERSION = YES;
				GCC_WARN_ABOUT_RETURN_TYPE = YES_ERROR;
				GCC_WARN_UNDECLARED_SELECTOR = YES;
				GCC_WARN_UNINITIALIZED_AUTOS = YES_AGGRESSIVE;
				GCC_WARN_UNUSED_FUNCTION = YES;
				GCC_WARN_UNUSED_VARIABLE = YES;
				IPHONEOS_DEPLOYMENT_TARGET = 15.5;
				MTL_ENABLE_DEBUG_INFO = NO;
				MTL_FAST_MATH = YES;
				SDKROOT = iphoneos;
				SWIFT_COMPILATION_MODE = wholemodule;
				SWIFT_OPTIMIZATION_LEVEL = "-O";
				VALIDATE_PRODUCT = YES;
			};
			name = Release;
		};
		958DB1A8288B91F700A8A9D1 /* Debug */ = {
			isa = XCBuildConfiguration;
			baseConfigurationReference = 3AFB707C24FDB3474DCD3525 /* Pods-InstaApp.debug.xcconfig */;
			buildSettings = {
				ASSETCATALOG_COMPILER_APPICON_NAME = AppIcon;
				ASSETCATALOG_COMPILER_GLOBAL_ACCENT_COLOR_NAME = AccentColor;
				CODE_SIGN_STYLE = Automatic;
				CURRENT_PROJECT_VERSION = 1;
				DEVELOPMENT_TEAM = 7X9S244452;
				GENERATE_INFOPLIST_FILE = YES;
				INFOPLIST_FILE = InstaApp/Info.plist;
				INFOPLIST_KEY_UIApplicationSupportsIndirectInputEvents = YES;
				INFOPLIST_KEY_UILaunchStoryboardName = LaunchScreen;
				INFOPLIST_KEY_UIMainStoryboardFile = Main;
				INFOPLIST_KEY_UISupportedInterfaceOrientations_iPad = "UIInterfaceOrientationPortrait UIInterfaceOrientationPortraitUpsideDown UIInterfaceOrientationLandscapeLeft UIInterfaceOrientationLandscapeRight";
				INFOPLIST_KEY_UISupportedInterfaceOrientations_iPhone = "UIInterfaceOrientationPortrait UIInterfaceOrientationLandscapeLeft UIInterfaceOrientationLandscapeRight";
				LD_RUNPATH_SEARCH_PATHS = (
					"$(inherited)",
					"@executable_path/Frameworks",
				);
				MARKETING_VERSION = 1.0;
				PRODUCT_BUNDLE_IDENTIFIER = com.mkondo.InstaApp;
				PRODUCT_NAME = "$(TARGET_NAME)";
				SWIFT_EMIT_LOC_STRINGS = YES;
				SWIFT_VERSION = 5.0;
				TARGETED_DEVICE_FAMILY = "1,2";
			};
			name = Debug;
		};
		958DB1A9288B91F700A8A9D1 /* Release */ = {
			isa = XCBuildConfiguration;
			baseConfigurationReference = EC39606060F8083E355F6B4F /* Pods-InstaApp.release.xcconfig */;
			buildSettings = {
				ASSETCATALOG_COMPILER_APPICON_NAME = AppIcon;
				ASSETCATALOG_COMPILER_GLOBAL_ACCENT_COLOR_NAME = AccentColor;
				CODE_SIGN_STYLE = Automatic;
				CURRENT_PROJECT_VERSION = 1;
				DEVELOPMENT_TEAM = 7X9S244452;
				GENERATE_INFOPLIST_FILE = YES;
				INFOPLIST_FILE = InstaApp/Info.plist;
				INFOPLIST_KEY_UIApplicationSupportsIndirectInputEvents = YES;
				INFOPLIST_KEY_UILaunchStoryboardName = LaunchScreen;
				INFOPLIST_KEY_UIMainStoryboardFile = Main;
				INFOPLIST_KEY_UISupportedInterfaceOrientations_iPad = "UIInterfaceOrientationPortrait UIInterfaceOrientationPortraitUpsideDown UIInterfaceOrientationLandscapeLeft UIInterfaceOrientationLandscapeRight";
				INFOPLIST_KEY_UISupportedInterfaceOrientations_iPhone = "UIInterfaceOrientationPortrait UIInterfaceOrientationLandscapeLeft UIInterfaceOrientationLandscapeRight";
				LD_RUNPATH_SEARCH_PATHS = (
					"$(inherited)",
					"@executable_path/Frameworks",
				);
				MARKETING_VERSION = 1.0;
				PRODUCT_BUNDLE_IDENTIFIER = com.mkondo.InstaApp;
				PRODUCT_NAME = "$(TARGET_NAME)";
				SWIFT_EMIT_LOC_STRINGS = YES;
				SWIFT_VERSION = 5.0;
				TARGETED_DEVICE_FAMILY = "1,2";
			};
			name = Release;
		};
/* End XCBuildConfiguration section */

/* Begin XCConfigurationList section */
		958DB18E288B91F600A8A9D1 /* Build configuration list for PBXProject "InstaApp" */ = {
			isa = XCConfigurationList;
			buildConfigurations = (
				958DB1A5288B91F700A8A9D1 /* Debug */,
				958DB1A6288B91F700A8A9D1 /* Release */,
			);
			defaultConfigurationIsVisible = 0;
			defaultConfigurationName = Release;
		};
		958DB1A7288B91F700A8A9D1 /* Build configuration list for PBXNativeTarget "InstaApp" */ = {
			isa = XCConfigurationList;
			buildConfigurations = (
				958DB1A8288B91F700A8A9D1 /* Debug */,
				958DB1A9288B91F700A8A9D1 /* Release */,
			);
			defaultConfigurationIsVisible = 0;
			defaultConfigurationName = Release;
		};
/* End XCConfigurationList section */
	};
	rootObject = 958DB18B288B91F600A8A9D1 /* Project object */;
}
